
Microsoft Visual Studio Solution File, Format Version 12.00
# Visual Studio Version 17
VisualStudioVersion = 17.9.34714.143
MinimumVisualStudioVersion = 10.0.40219.1
Project("{FAE04EC0-301F-11D3-BF4B-00C04F79EFBC}") = "ClassDemoGraphs", "ClassDemoGraphs\ClassDemoGraphs.csproj", "{361500CE-6865-48DC-874F-63FAF9E9F7DD}"
EndProject
Project("{FAE04EC0-301F-11D3-BF4B-00C04F79EFBC}") = "TestGraphLib", "TestGraphLib\TestGraphLib.csproj", "{62ED7C8E-2D06-4E32-A1B5-B41FC5B7EA18}"
EndProject
Global
	GlobalSection(SolutionConfigurationPlatforms) = preSolution
		Debug|Any CPU = Debug|Any CPU
		Release|Any CPU = Release|Any CPU
	EndGlobalSection
	GlobalSection(ProjectConfigurationPlatforms) = postSolution
		{361500CE-6865-48DC-874F-63FAF9E9F7DD}.Debug|Any CPU.ActiveCfg = Debug|Any CPU
		{361500CE-6865-48DC-874F-63FAF9E9F7DD}.Debug|Any CPU.Build.0 = Debug|Any CPU
		{361500CE-6865-48DC-874F-63FAF9E9F7DD}.Release|Any CPU.ActiveCfg = Release|Any CPU
		{361500CE-6865-48DC-874F-63FAF9E9F7DD}.Release|Any CPU.Build.0 = Release|Any CPU
		{62ED7C8E-2D06-4E32-A1B5-B41FC5B7EA18}.Debug|Any CPU.ActiveCfg = Debug|Any CPU
		{62ED7C8E-2D06-4E32-A1B5-B41FC5B7EA18}.Debug|Any CPU.Build.0 = Debug|Any CPU
		{62ED7C8E-2D06-4E32-A1B5-B41FC5B7EA18}.Release|Any CPU.ActiveCfg = Release|Any CPU
		{62ED7C8E-2D06-4E32-A1B5-B41FC5B7EA18}.Release|Any CPU.Build.0 = Release|Any CPU
	EndGlobalSection
	GlobalSection(SolutionProperties) = preSolution
		HideSolutionNode = FALSE
	EndGlobalSection
	GlobalSection(ExtensibilityGlobals) = postSolution
		SolutionGuid = {25E3278C-8539-4CFE-889A-BDABC884CBD6}
	EndGlobalSection
EndGlobal
